
Microsoft Visual Studio Solution File, Format Version 12.00
# Visual Studio Version 16
VisualStudioVersion = 16.0.30804.86
MinimumVisualStudioVersion = 10.0.40219.1
Project("{FAE04EC0-301F-11D3-BF4B-00C04F79EFBC}") = "JWTAuthDemo", "JWTAuthDemo\JWTAuthDemo.csproj", "{746E799B-4048-4178-8E0F-C219B0E7619F}"
EndProject
Global
	GlobalSection(SolutionConfigurationPlatforms) = preSolution
		Debug|Any CPU = Debug|Any CPU
		Release|Any CPU = Release|Any CPU
	EndGlobalSection
	GlobalSection(ProjectConfigurationPlatforms) = postSolution
		{746E799B-4048-4178-8E0F-C219B0E7619F}.Debug|Any CPU.ActiveCfg = Debug|Any CPU
		{746E799B-4048-4178-8E0F-C219B0E7619F}.Debug|Any CPU.Build.0 = Debug|Any CPU
		{746E799B-4048-4178-8E0F-C219B0E7619F}.Release|Any CPU.ActiveCfg = Release|Any CPU
		{746E799B-4048-4178-8E0F-C219B0E7619F}.Release|Any CPU.Build.0 = Release|Any CPU
	EndGlobalSection
	GlobalSection(SolutionProperties) = preSolution
		HideSolutionNode = FALSE
	EndGlobalSection
	GlobalSection(ExtensibilityGlobals) = postSolution
		SolutionGuid = {AACBB2CE-F85C-41BC-9968-91DA39FC2D56}
	EndGlobalSection
EndGlobal
